
Microsoft Visual Studio Solution File, Format Version 12.00
# Visual Studio Version 17
VisualStudioVersion = 17.4.33403.182
MinimumVisualStudioVersion = 10.0.40219.1
Project("{9A19103F-16F7-4668-BE54-9A1E7A4F7556}") = "AreaLib", "AreaLib\AreaLib.csproj", "{31A7378B-5DE3-4590-9B46-8A1CDACFD278}"
EndProject
Project("{9A19103F-16F7-4668-BE54-9A1E7A4F7556}") = "AreaLibTests", "AreaLibTests\AreaLibTests.csproj", "{4928BB8A-6A24-4F55-B27A-9C48C77C701D}"
EndProject
Global
	GlobalSection(SolutionConfigurationPlatforms) = preSolution
		Debug|Any CPU = Debug|Any CPU
		Release|Any CPU = Release|Any CPU
	EndGlobalSection
	GlobalSection(ProjectConfigurationPlatforms) = postSolution
		{31A7378B-5DE3-4590-9B46-8A1CDACFD278}.Debug|Any CPU.ActiveCfg = Debug|Any CPU
		{31A7378B-5DE3-4590-9B46-8A1CDACFD278}.Debug|Any CPU.Build.0 = Debug|Any CPU
		{31A7378B-5DE3-4590-9B46-8A1CDACFD278}.Release|Any CPU.ActiveCfg = Release|Any CPU
		{31A7378B-5DE3-4590-9B46-8A1CDACFD278}.Release|Any CPU.Build.0 = Release|Any CPU
		{4928BB8A-6A24-4F55-B27A-9C48C77C701D}.Debug|Any CPU.ActiveCfg = Debug|Any CPU
		{4928BB8A-6A24-4F55-B27A-9C48C77C701D}.Debug|Any CPU.Build.0 = Debug|Any CPU
		{4928BB8A-6A24-4F55-B27A-9C48C77C701D}.Release|Any CPU.ActiveCfg = Release|Any CPU
		{4928BB8A-6A24-4F55-B27A-9C48C77C701D}.Release|Any CPU.Build.0 = Release|Any CPU
	EndGlobalSection
	GlobalSection(SolutionProperties) = preSolution
		HideSolutionNode = FALSE
	EndGlobalSection
	GlobalSection(ExtensibilityGlobals) = postSolution
		SolutionGuid = {0711D685-C944-401B-9C99-FE43AED2755E}
	EndGlobalSection
EndGlobal
